// !$*UTF8*$!
{
	archiveVersion = 1;
	classes = {
	};
	objectVersion = 55;
	objects = {

/* Begin PBXBuildFile section */
		8CD14CE127D6B09300758F6A /* recipieApp.swift in Sources */ = {isa = PBXBuildFile; fileRef = 8CD14CE027D6B09300758F6A /* recipieApp.swift */; };
		8CD14CE327D6B09300758F6A /* ContentView.swift in Sources */ = {isa = PBXBuildFile; fileRef = 8CD14CE227D6B09300758F6A /* ContentView.swift */; };
		8CD14CE527D6B09400758F6A /* Assets.xcassets in Resources */ = {isa = PBXBuildFile; fileRef = 8CD14CE427D6B09400758F6A /* Assets.xcassets */; };
		8CD14CE827D6B09400758F6A /* Preview Assets.xcassets in Resources */ = {isa = PBXBuildFile; fileRef = 8CD14CE727D6B09400758F6A /* Preview Assets.xcassets */; };
		8CD14CEA27D6B09400758F6A /* Persistence.swift in Sources */ = {isa = PBXBuildFile; fileRef = 8CD14CE927D6B09400758F6A /* Persistence.swift */; };
		8CD14CED27D6B09400758F6A /* recipie.xcdatamodeld in Sources */ = {isa = PBXBuildFile; fileRef = 8CD14CEB27D6B09400758F6A /* recipie.xcdatamodeld */; };
		8CD14CF727D6B09400758F6A /* recipieTests.swift in Sources */ = {isa = PBXBuildFile; fileRef = 8CD14CF627D6B09400758F6A /* recipieTests.swift */; };
		8CD14D0127D6B09400758F6A /* recipieUITests.swift in Sources */ = {isa = PBXBuildFile; fileRef = 8CD14D0027D6B09400758F6A /* recipieUITests.swift */; };
		8CD14D0327D6B09400758F6A /* recipieUITestsLaunchTests.swift in Sources */ = {isa = PBXBuildFile; fileRef = 8CD14D0227D6B09400758F6A /* recipieUITestsLaunchTests.swift */; };
		8CD14D1127D6B3D000758F6A /* RecipeController.swift in Sources */ = {isa = PBXBuildFile; fileRef = 8CD14D1027D6B3D000758F6A /* RecipeController.swift */; };
		8CD14D1327D6B3EC00758F6A /* Recipe.swift in Sources */ = {isa = PBXBuildFile; fileRef = 8CD14D1227D6B3EC00758F6A /* Recipe.swift */; };
		8CD14D1627D6B52700758F6A /* EditRecipeViewModel.swift in Sources */ = {isa = PBXBuildFile; fileRef = 8CD14D1527D6B52700758F6A /* EditRecipeViewModel.swift */; };
		8CD14D1827D6B5E400758F6A /* EditRecipeView.swift in Sources */ = {isa = PBXBuildFile; fileRef = 8CD14D1727D6B5E400758F6A /* EditRecipeView.swift */; };
/* End PBXBuildFile section */

/* Begin PBXContainerItemProxy section */
		8CD14CF327D6B09400758F6A /* PBXContainerItemProxy */ = {
			isa = PBXContainerItemProxy;
			containerPortal = 8CD14CD527D6B09300758F6A /* Project object */;
			proxyType = 1;
			remoteGlobalIDString = 8CD14CDC27D6B09300758F6A;
			remoteInfo = recipie;
		};
		8CD14CFD27D6B09400758F6A /* PBXContainerItemProxy */ = {
			isa = PBXContainerItemProxy;
			containerPortal = 8CD14CD527D6B09300758F6A /* Project object */;
			proxyType = 1;
			remoteGlobalIDString = 8CD14CDC27D6B09300758F6A;
			remoteInfo = recipie;
		};
/* End PBXContainerItemProxy section */

/* Begin PBXFileReference section */
		8CD14CDD27D6B09300758F6A /* recipie.app */ = {isa = PBXFileReference; explicitFileType = wrapper.application; includeInIndex = 0; path = recipie.app; sourceTree = BUILT_PRODUCTS_DIR; };
		8CD14CE027D6B09300758F6A /* recipieApp.swift */ = {isa = PBXFileReference; lastKnownFileType = sourcecode.swift; path = recipieApp.swift; sourceTree = "<group>"; };
		8CD14CE227D6B09300758F6A /* ContentView.swift */ = {isa = PBXFileReference; lastKnownFileType = sourcecode.swift; path = ContentView.swift; sourceTree = "<group>"; };
		8CD14CE427D6B09400758F6A /* Assets.xcassets */ = {isa = PBXFileReference; lastKnownFileType = folder.assetcatalog; path = Assets.xcassets; sourceTree = "<group>"; };
		8CD14CE727D6B09400758F6A /* Preview Assets.xcassets */ = {isa = PBXFileReference; lastKnownFileType = folder.assetcatalog; path = "Preview Assets.xcassets"; sourceTree = "<group>"; };
		8CD14CE927D6B09400758F6A /* Persistence.swift */ = {isa = PBXFileReference; lastKnownFileType = sourcecode.swift; path = Persistence.swift; sourceTree = "<group>"; };
		8CD14CEC27D6B09400758F6A /* recipie.xcdatamodel */ = {isa = PBXFileReference; lastKnownFileType = wrapper.xcdatamodel; path = recipie.xcdatamodel; sourceTree = "<group>"; };
		8CD14CF227D6B09400758F6A /* recipieTests.xctest */ = {isa = PBXFileReference; explicitFileType = wrapper.cfbundle; includeInIndex = 0; path = recipieTests.xctest; sourceTree = BUILT_PRODUCTS_DIR; };
		8CD14CF627D6B09400758F6A /* recipieTests.swift */ = {isa = PBXFileReference; lastKnownFileType = sourcecode.swift; path = recipieTests.swift; sourceTree = "<group>"; };
		8CD14CFC27D6B09400758F6A /* recipieUITests.xctest */ = {isa = PBXFileReference; explicitFileType = wrapper.cfbundle; includeInIndex = 0; path = recipieUITests.xctest; sourceTree = BUILT_PRODUCTS_DIR; };
		8CD14D0027D6B09400758F6A /* recipieUITests.swift */ = {isa = PBXFileReference; lastKnownFileType = sourcecode.swift; path = recipieUITests.swift; sourceTree = "<group>"; };
		8CD14D0227D6B09400758F6A /* recipieUITestsLaunchTests.swift */ = {isa = PBXFileReference; lastKnownFileType = sourcecode.swift; path = recipieUITestsLaunchTests.swift; sourceTree = "<group>"; };
		8CD14D1027D6B3D000758F6A /* RecipeController.swift */ = {isa = PBXFileReference; lastKnownFileType = sourcecode.swift; path = RecipeController.swift; sourceTree = "<group>"; };
		8CD14D1227D6B3EC00758F6A /* Recipe.swift */ = {isa = PBXFileReference; lastKnownFileType = sourcecode.swift; path = Recipe.swift; sourceTree = "<group>"; };
		8CD14D1527D6B52700758F6A /* EditRecipeViewModel.swift */ = {isa = PBXFileReference; lastKnownFileType = sourcecode.swift; path = EditRecipeViewModel.swift; sourceTree = "<group>"; };
		8CD14D1727D6B5E400758F6A /* EditRecipeView.swift */ = {isa = PBXFileReference; lastKnownFileType = sourcecode.swift; path = EditRecipeView.swift; sourceTree = "<group>"; };
/* End PBXFileReference section */

/* Begin PBXFrameworksBuildPhase section */
		8CD14CDA27D6B09300758F6A /* Frameworks */ = {
			isa = PBXFrameworksBuildPhase;
			buildActionMask = 2147483647;
			files = (
			);
			runOnlyForDeploymentPostprocessing = 0;
		};
		8CD14CEF27D6B09400758F6A /* Frameworks */ = {
			isa = PBXFrameworksBuildPhase;
			buildActionMask = 2147483647;
			files = (
			);
			runOnlyForDeploymentPostprocessing = 0;
		};
		8CD14CF927D6B09400758F6A /* Frameworks */ = {
			isa = PBXFrameworksBuildPhase;
			buildActionMask = 2147483647;
			files = (
			);
			runOnlyForDeploymentPostprocessing = 0;
		};
/* End PBXFrameworksBuildPhase section */

/* Begin PBXGroup section */
		8CD14CD427D6B09300758F6A = {
			isa = PBXGroup;
			children = (
				8CD14CDF27D6B09300758F6A /* recipie */,
				8CD14CF527D6B09400758F6A /* recipieTests */,
				8CD14CFF27D6B09400758F6A /* recipieUITests */,
				8CD14CDE27D6B09300758F6A /* Products */,
			);
			sourceTree = "<group>";
		};
		8CD14CDE27D6B09300758F6A /* Products */ = {
			isa = PBXGroup;
			children = (
				8CD14CDD27D6B09300758F6A /* recipie.app */,
				8CD14CF227D6B09400758F6A /* recipieTests.xctest */,
				8CD14CFC27D6B09400758F6A /* recipieUITests.xctest */,
			);
			name = Products;
			sourceTree = "<group>";
		};
		8CD14CDF27D6B09300758F6A /* recipie */ = {
			isa = PBXGroup;
			children = (
				8CD14CE027D6B09300758F6A /* recipieApp.swift */,
				8CD14CE227D6B09300758F6A /* ContentView.swift */,
				8CD14CE427D6B09400758F6A /* Assets.xcassets */,
				8CD14CE927D6B09400758F6A /* Persistence.swift */,
				8CD14CEB27D6B09400758F6A /* recipie.xcdatamodeld */,
				8CD14CE627D6B09400758F6A /* Preview Content */,
				8CD14D1927D6B7AD00758F6A /* supporting files */,
				8CD14D1427D6B4EB00758F6A /* view */,
				8CD14D0F27D6B1F800758F6A /* model */,
			);
			path = recipie;
			sourceTree = "<group>";
		};
		8CD14CE627D6B09400758F6A /* Preview Content */ = {
			isa = PBXGroup;
			children = (
				8CD14CE727D6B09400758F6A /* Preview Assets.xcassets */,
			);
			path = "Preview Content";
			sourceTree = "<group>";
		};
		8CD14CF527D6B09400758F6A /* recipieTests */ = {
			isa = PBXGroup;
			children = (
				8CD14CF627D6B09400758F6A /* recipieTests.swift */,
			);
			path = recipieTests;
			sourceTree = "<group>";
		};
		8CD14CFF27D6B09400758F6A /* recipieUITests */ = {
			isa = PBXGroup;
			children = (
				8CD14D0027D6B09400758F6A /* recipieUITests.swift */,
				8CD14D0227D6B09400758F6A /* recipieUITestsLaunchTests.swift */,
			);
			path = recipieUITests;
			sourceTree = "<group>";
		};
		8CD14D0F27D6B1F800758F6A /* model */ = {
			isa = PBXGroup;
			children = (
				8CD14D1027D6B3D000758F6A /* RecipeController.swift */,
				8CD14D1227D6B3EC00758F6A /* Recipe.swift */,
			);
			path = model;
			sourceTree = "<group>";
		};
		8CD14D1427D6B4EB00758F6A /* view */ = {
			isa = PBXGroup;
			children = (
				8CD14D1527D6B52700758F6A /* EditRecipeViewModel.swift */,
				8CD14D1727D6B5E400758F6A /* EditRecipeView.swift */,
			);
			path = view;
			sourceTree = "<group>";
		};
		8CD14D1927D6B7AD00758F6A /* supporting files */ = {
			isa = PBXGroup;
			children = (
			);
			path = "supporting files";
			sourceTree = "<group>";
		};
/* End PBXGroup section */

/* Begin PBXNativeTarget section */
		8CD14CDC27D6B09300758F6A /* recipie */ = {
			isa = PBXNativeTarget;
			buildConfigurationList = 8CD14D0627D6B09400758F6A /* Build configuration list for PBXNativeTarget "recipie" */;
			buildPhases = (
				8CD14CD927D6B09300758F6A /* Sources */,
				8CD14CDA27D6B09300758F6A /* Frameworks */,
				8CD14CDB27D6B09300758F6A /* Resources */,
			);
			buildRules = (
			);
			dependencies = (
			);
			name = recipie;
			productName = recipie;
			productReference = 8CD14CDD27D6B09300758F6A /* recipie.app */;
			productType = "com.apple.product-type.application";
		};
		8CD14CF127D6B09400758F6A /* recipieTests */ = {
			isa = PBXNativeTarget;
			buildConfigurationList = 8CD14D0927D6B09400758F6A /* Build configuration list for PBXNativeTarget "recipieTests" */;
			buildPhases = (
				8CD14CEE27D6B09400758F6A /* Sources */,
				8CD14CEF27D6B09400758F6A /* Frameworks */,
				8CD14CF027D6B09400758F6A /* Resources */,
			);
			buildRules = (
			);
			dependencies = (
				8CD14CF427D6B09400758F6A /* PBXTargetDependency */,
			);
			name = recipieTests;
			productName = recipieTests;
			productReference = 8CD14CF227D6B09400758F6A /* recipieTests.xctest */;
			productType = "com.apple.product-type.bundle.unit-test";
		};
		8CD14CFB27D6B09400758F6A /* recipieUITests */ = {
			isa = PBXNativeTarget;
			buildConfigurationList = 8CD14D0C27D6B09400758F6A /* Build configuration list for PBXNativeTarget "recipieUITests" */;
			buildPhases = (
				8CD14CF827D6B09400758F6A /* Sources */,
				8CD14CF927D6B09400758F6A /* Frameworks */,
				8CD14CFA27D6B09400758F6A /* Resources */,
			);
			buildRules = (
			);
			dependencies = (
				8CD14CFE27D6B09400758F6A /* PBXTargetDependency */,
			);
			name = recipieUITests;
			productName = recipieUITests;
			productReference = 8CD14CFC27D6B09400758F6A /* recipieUITests.xctest */;
			productType = "com.apple.product-type.bundle.ui-testing";
		};
/* End PBXNativeTarget section */

/* Begin PBXProject section */
		8CD14CD527D6B09300758F6A /* Project object */ = {
			isa = PBXProject;
			attributes = {
				BuildIndependentTargetsInParallel = 1;
				LastSwiftUpdateCheck = 1320;
				LastUpgradeCheck = 1320;
				TargetAttributes = {
					8CD14CDC27D6B09300758F6A = {
						CreatedOnToolsVersion = 13.2.1;
					};
					8CD14CF127D6B09400758F6A = {
						CreatedOnToolsVersion = 13.2.1;
						TestTargetID = 8CD14CDC27D6B09300758F6A;
					};
					8CD14CFB27D6B09400758F6A = {
						CreatedOnToolsVersion = 13.2.1;
						TestTargetID = 8CD14CDC27D6B09300758F6A;
					};
				};
			};
			buildConfigurationList = 8CD14CD827D6B09300758F6A /* Build configuration list for PBXProject "recipie" */;
			compatibilityVersion = "Xcode 13.0";
			developmentRegion = en;
			hasScannedForEncodings = 0;
			knownRegions = (
				en,
				Base,
			);
			mainGroup = 8CD14CD427D6B09300758F6A;
			productRefGroup = 8CD14CDE27D6B09300758F6A /* Products */;
			projectDirPath = "";
			projectRoot = "";
			targets = (
				8CD14CDC27D6B09300758F6A /* recipie */,
				8CD14CF127D6B09400758F6A /* recipieTests */,
				8CD14CFB27D6B09400758F6A /* recipieUITests */,
			);
		};
/* End PBXProject section */

/* Begin PBXResourcesBuildPhase section */
		8CD14CDB27D6B09300758F6A /* Resources */ = {
			isa = PBXResourcesBuildPhase;
			buildActionMask = 2147483647;
			files = (
				8CD14CE827D6B09400758F6A /* Preview Assets.xcassets in Resources */,
				8CD14CE527D6B09400758F6A /* Assets.xcassets in Resources */,
			);
			runOnlyForDeploymentPostprocessing = 0;
		};
		8CD14CF027D6B09400758F6A /* Resources */ = {
			isa = PBXResourcesBuildPhase;
			buildActionMask = 2147483647;
			files = (
			);
			runOnlyForDeploymentPostprocessing = 0;
		};
		8CD14CFA27D6B09400758F6A /* Resources */ = {
			isa = PBXResourcesBuildPhase;
			buildActionMask = 2147483647;
			files = (
			);
			runOnlyForDeploymentPostprocessing = 0;
		};
/* End PBXResourcesBuildPhase section */

/* Begin PBXSourcesBuildPhase section */
		8CD14CD927D6B09300758F6A /* Sources */ = {
			isa = PBXSourcesBuildPhase;
			buildActionMask = 2147483647;
			files = (
				8CD14D1827D6B5E400758F6A /* EditRecipeView.swift in Sources */,
				8CD14CEA27D6B09400758F6A /* Persistence.swift in Sources */,
				8CD14D1627D6B52700758F6A /* EditRecipeViewModel.swift in Sources */,
				8CD14CED27D6B09400758F6A /* recipie.xcdatamodeld in Sources */,
				8CD14CE327D6B09300758F6A /* ContentView.swift in Sources */,
				8CD14D1327D6B3EC00758F6A /* Recipe.swift in Sources */,
				8CD14D1127D6B3D000758F6A /* RecipeController.swift in Sources */,
				8CD14CE127D6B09300758F6A /* recipieApp.swift in Sources */,
			);
			runOnlyForDeploymentPostprocessing = 0;
		};
		8CD14CEE27D6B09400758F6A /* Sources */ = {
			isa = PBXSourcesBuildPhase;
			buildActionMask = 2147483647;
			files = (
				8CD14CF727D6B09400758F6A /* recipieTests.swift in Sources */,
			);
			runOnlyForDeploymentPostprocessing = 0;
		};
		8CD14CF827D6B09400758F6A /* Sources */ = {
			isa = PBXSourcesBuildPhase;
			buildActionMask = 2147483647;
			files = (
				8CD14D0327D6B09400758F6A /* recipieUITestsLaunchTests.swift in Sources */,
				8CD14D0127D6B09400758F6A /* recipieUITests.swift in Sources */,
			);
			runOnlyForDeploymentPostprocessing = 0;
		};
/* End PBXSourcesBuildPhase section */

/* Begin PBXTargetDependency section */
		8CD14CF427D6B09400758F6A /* PBXTargetDependency */ = {
			isa = PBXTargetDependency;
			target = 8CD14CDC27D6B09300758F6A /* recipie */;
			targetProxy = 8CD14CF327D6B09400758F6A /* PBXContainerItemProxy */;
		};
		8CD14CFE27D6B09400758F6A /* PBXTargetDependency */ = {
			isa = PBXTargetDependency;
			target = 8CD14CDC27D6B09300758F6A /* recipie */;
			targetProxy = 8CD14CFD27D6B09400758F6A /* PBXContainerItemProxy */;
		};
/* End PBXTargetDependency section */

/* Begin XCBuildConfiguration section */
		8CD14D0427D6B09400758F6A /* Debug */ = {
			isa = XCBuildConfiguration;
			buildSettings = {
				ALWAYS_SEARCH_USER_PATHS = NO;
				CLANG_ANALYZER_NONNULL = YES;
				CLANG_ANALYZER_NUMBER_OBJECT_CONVERSION = YES_AGGRESSIVE;
				CLANG_CXX_LANGUAGE_STANDARD = "gnu++17";
				CLANG_CXX_LIBRARY = "libc++";
				CLANG_ENABLE_MODULES = YES;
				CLANG_ENABLE_OBJC_ARC = YES;
				CLANG_ENABLE_OBJC_WEAK = YES;
				CLANG_WARN_BLOCK_CAPTURE_AUTORELEASING = YES;
				CLANG_WARN_BOOL_CONVERSION = YES;
				CLANG_WARN_COMMA = YES;
				CLANG_WARN_CONSTANT_CONVERSION = YES;
				CLANG_WARN_DEPRECATED_OBJC_IMPLEMENTATIONS = YES;
				CLANG_WARN_DIRECT_OBJC_ISA_USAGE = YES_ERROR;
				CLANG_WARN_DOCUMENTATION_COMMENTS = YES;
				CLANG_WARN_EMPTY_BODY = YES;
				CLANG_WARN_ENUM_CONVERSION = YES;
				CLANG_WARN_INFINITE_RECURSION = YES;
				CLANG_WARN_INT_CONVERSION = YES;
				CLANG_WARN_NON_LITERAL_NULL_CONVERSION = YES;
				CLANG_WARN_OBJC_IMPLICIT_RETAIN_SELF = YES;
				CLANG_WARN_OBJC_LITERAL_CONVERSION = YES;
				CLANG_WARN_OBJC_ROOT_CLASS = YES_ERROR;
				CLANG_WARN_QUOTED_INCLUDE_IN_FRAMEWORK_HEADER = YES;
				CLANG_WARN_RANGE_LOOP_ANALYSIS = YES;
				CLANG_WARN_STRICT_PROTOTYPES = YES;
				CLANG_WARN_SUSPICIOUS_MOVE = YES;
				CLANG_WARN_UNGUARDED_AVAILABILITY = YES_AGGRESSIVE;
				CLANG_WARN_UNREACHABLE_CODE = YES;
				CLANG_WARN__DUPLICATE_METHOD_MATCH = YES;
				COPY_PHASE_STRIP = NO;
				DEBUG_INFORMATION_FORMAT = dwarf;
				ENABLE_STRICT_OBJC_MSGSEND = YES;
				ENABLE_TESTABILITY = YES;
				GCC_C_LANGUAGE_STANDARD = gnu11;
				GCC_DYNAMIC_NO_PIC = NO;
				GCC_NO_COMMON_BLOCKS = YES;
				GCC_OPTIMIZATION_LEVEL = 0;
				GCC_PREPROCESSOR_DEFINITIONS = (
					"DEBUG=1",
					"$(inherited)",
				);
				GCC_WARN_64_TO_32_BIT_CONVERSION = YES;
				GCC_WARN_ABOUT_RETURN_TYPE = YES_ERROR;
				GCC_WARN_UNDECLARED_SELECTOR = YES;
				GCC_WARN_UNINITIALIZED_AUTOS = YES_AGGRESSIVE;
				GCC_WARN_UNUSED_FUNCTION = YES;
				GCC_WARN_UNUSED_VARIABLE = YES;
				IPHONEOS_DEPLOYMENT_TARGET = 15.2;
				MTL_ENABLE_DEBUG_INFO = INCLUDE_SOURCE;
				MTL_FAST_MATH = YES;
				ONLY_ACTIVE_ARCH = YES;
				SDKROOT = iphoneos;
				SWIFT_ACTIVE_COMPILATION_CONDITIONS = DEBUG;
				SWIFT_OPTIMIZATION_LEVEL = "-Onone";
			};
			name = Debug;
		};
		8CD14D0527D6B09400758F6A /* Release */ = {
			isa = XCBuildConfiguration;
			buildSettings = {
				ALWAYS_SEARCH_USER_PATHS = NO;
				CLANG_ANALYZER_NONNULL = YES;
				CLANG_ANALYZER_NUMBER_OBJECT_CONVERSION = YES_AGGRESSIVE;
				CLANG_CXX_LANGUAGE_STANDARD = "gnu++17";
				CLANG_CXX_LIBRARY = "libc++";
				CLANG_ENABLE_MODULES = YES;
				CLANG_ENABLE_OBJC_ARC = YES;
				CLANG_ENABLE_OBJC_WEAK = YES;
				CLANG_WARN_BLOCK_CAPTURE_AUTORELEASING = YES;
				CLANG_WARN_BOOL_CONVERSION = YES;
				CLANG_WARN_COMMA = YES;
				CLANG_WARN_CONSTANT_CONVERSION = YES;
				CLANG_WARN_DEPRECATED_OBJC_IMPLEMENTATIONS = YES;
				CLANG_WARN_DIRECT_OBJC_ISA_USAGE = YES_ERROR;
				CLANG_WARN_DOCUMENTATION_COMMENTS = YES;
				CLANG_WARN_EMPTY_BODY = YES;
				CLANG_WARN_ENUM_CONVERSION = YES;
				CLANG_WARN_INFINITE_RECURSION = YES;
				CLANG_WARN_INT_CONVERSION = YES;
				CLANG_WARN_NON_LITERAL_NULL_CONVERSION = YES;
				CLANG_WARN_OBJC_IMPLICIT_RETAIN_SELF = YES;
				CLANG_WARN_OBJC_LITERAL_CONVERSION = YES;
				CLANG_WARN_OBJC_ROOT_CLASS = YES_ERROR;
				CLANG_WARN_QUOTED_INCLUDE_IN_FRAMEWORK_HEADER = YES;
				CLANG_WARN_RANGE_LOOP_ANALYSIS = YES;
				CLANG_WARN_STRICT_PROTOTYPES = YES;
				CLANG_WARN_SUSPICIOUS_MOVE = YES;
				CLANG_WARN_UNGUARDED_AVAILABILITY = YES_AGGRESSIVE;
				CLANG_WARN_UNREACHABLE_CODE = YES;
				CLANG_WARN__DUPLICATE_METHOD_MATCH = YES;
				COPY_PHASE_STRIP = NO;
				DEBUG_INFORMATION_FORMAT = "dwarf-with-dsym";
				ENABLE_NS_ASSERTIONS = NO;
				ENABLE_STRICT_OBJC_MSGSEND = YES;
				GCC_C_LANGUAGE_STANDARD = gnu11;
				GCC_NO_COMMON_BLOCKS = YES;
				GCC_WARN_64_TO_32_BIT_CONVERSION = YES;
				GCC_WARN_ABOUT_RETURN_TYPE = YES_ERROR;
				GCC_WARN_UNDECLARED_SELECTOR = YES;
				GCC_WARN_UNINITIALIZED_AUTOS = YES_AGGRESSIVE;
				GCC_WARN_UNUSED_FUNCTION = YES;
				GCC_WARN_UNUSED_VARIABLE = YES;
				IPHONEOS_DEPLOYMENT_TARGET = 15.2;
				MTL_ENABLE_DEBUG_INFO = NO;
				MTL_FAST_MATH = YES;
				SDKROOT = iphoneos;
				SWIFT_COMPILATION_MODE = wholemodule;
				SWIFT_OPTIMIZATION_LEVEL = "-O";
				VALIDATE_PRODUCT = YES;
			};
			name = Release;
		};
		8CD14D0727D6B09400758F6A /* Debug */ = {
			isa = XCBuildConfiguration;
			buildSettings = {
				ASSETCATALOG_COMPILER_APPICON_NAME = AppIcon;
				ASSETCATALOG_COMPILER_GLOBAL_ACCENT_COLOR_NAME = AccentColor;
				CODE_SIGN_STYLE = Automatic;
				CURRENT_PROJECT_VERSION = 1;
				DEVELOPMENT_ASSET_PATHS = "\"recipie/Preview Content\"";
				DEVELOPMENT_TEAM = 7E9FA94287;
				ENABLE_PREVIEWS = YES;
				GENERATE_INFOPLIST_FILE = YES;
				INFOPLIST_KEY_UIApplicationSceneManifest_Generation = YES;
				INFOPLIST_KEY_UIApplicationSupportsIndirectInputEvents = YES;
				INFOPLIST_KEY_UILaunchScreen_Generation = YES;
				INFOPLIST_KEY_UISupportedInterfaceOrientations_iPad = "UIInterfaceOrientationPortrait UIInterfaceOrientationPortraitUpsideDown UIInterfaceOrientationLandscapeLeft UIInterfaceOrientationLandscapeRight";
				INFOPLIST_KEY_UISupportedInterfaceOrientations_iPhone = "UIInterfaceOrientationPortrait UIInterfaceOrientationLandscapeLeft UIInterfaceOrientationLandscapeRight";
				LD_RUNPATH_SEARCH_PATHS = (
					"$(inherited)",
					"@executable_path/Frameworks",
				);
				MARKETING_VERSION = 1.0;
				PRODUCT_BUNDLE_IDENTIFIER = com.pedrolenzi.recipie;
				PRODUCT_NAME = "$(TARGET_NAME)";
				SWIFT_EMIT_LOC_STRINGS = YES;
				SWIFT_VERSION = 5.0;
				TARGETED_DEVICE_FAMILY = "1,2";
			};
			name = Debug;
		};
		8CD14D0827D6B09400758F6A /* Release */ = {
			isa = XCBuildConfiguration;
			buildSettings = {
				ASSETCATALOG_COMPILER_APPICON_NAME = AppIcon;
				ASSETCATALOG_COMPILER_GLOBAL_ACCENT_COLOR_NAME = AccentColor;
				CODE_SIGN_STYLE = Automatic;
				CURRENT_PROJECT_VERSION = 1;
				DEVELOPMENT_ASSET_PATHS = "\"recipie/Preview Content\"";
				DEVELOPMENT_TEAM = 7E9FA94287;
				ENABLE_PREVIEWS = YES;
				GENERATE_INFOPLIST_FILE = YES;
				INFOPLIST_KEY_UIApplicationSceneManifest_Generation = YES;
				INFOPLIST_KEY_UIApplicationSupportsIndirectInputEvents = YES;
				INFOPLIST_KEY_UILaunchScreen_Generation = YES;
				INFOPLIST_KEY_UISupportedInterfaceOrientations_iPad = "UIInterfaceOrientationPortrait UIInterfaceOrientationPortraitUpsideDown UIInterfaceOrientationLandscapeLeft UIInterfaceOrientationLandscapeRight";
				INFOPLIST_KEY_UISupportedInterfaceOrientations_iPhone = "UIInterfaceOrientationPortrait UIInterfaceOrientationLandscapeLeft UIInterfaceOrientationLandscapeRight";
				LD_RUNPATH_SEARCH_PATHS = (
					"$(inherited)",
					"@executable_path/Frameworks",
				);
				MARKETING_VERSION = 1.0;
				PRODUCT_BUNDLE_IDENTIFIER = com.pedrolenzi.recipie;
				PRODUCT_NAME = "$(TARGET_NAME)";
				SWIFT_EMIT_LOC_STRINGS = YES;
				SWIFT_VERSION = 5.0;
				TARGETED_DEVICE_FAMILY = "1,2";
			};
			name = Release;
		};
		8CD14D0A27D6B09400758F6A /* Debug */ = {
			isa = XCBuildConfiguration;
			buildSettings = {
				ALWAYS_EMBED_SWIFT_STANDARD_LIBRARIES = YES;
				BUNDLE_LOADER = "$(TEST_HOST)";
				CODE_SIGN_STYLE = Automatic;
				CURRENT_PROJECT_VERSION = 1;
				DEVELOPMENT_TEAM = 7E9FA94287;
				GENERATE_INFOPLIST_FILE = YES;
				IPHONEOS_DEPLOYMENT_TARGET = 15.2;
				MARKETING_VERSION = 1.0;
				PRODUCT_BUNDLE_IDENTIFIER = com.pedrolenzi.recipieTests;
				PRODUCT_NAME = "$(TARGET_NAME)";
				SWIFT_EMIT_LOC_STRINGS = NO;
				SWIFT_VERSION = 5.0;
				TARGETED_DEVICE_FAMILY = "1,2";
				TEST_HOST = "$(BUILT_PRODUCTS_DIR)/recipie.app/recipie";
			};
			name = Debug;
		};
		8CD14D0B27D6B09400758F6A /* Release */ = {
			isa = XCBuildConfiguration;
			buildSettings = {
				ALWAYS_EMBED_SWIFT_STANDARD_LIBRARIES = YES;
				BUNDLE_LOADER = "$(TEST_HOST)";
				CODE_SIGN_STYLE = Automatic;
				CURRENT_PROJECT_VERSION = 1;
				DEVELOPMENT_TEAM = 7E9FA94287;
				GENERATE_INFOPLIST_FILE = YES;
				IPHONEOS_DEPLOYMENT_TARGET = 15.2;
				MARKETING_VERSION = 1.0;
				PRODUCT_BUNDLE_IDENTIFIER = com.pedrolenzi.recipieTests;
				PRODUCT_NAME = "$(TARGET_NAME)";
				SWIFT_EMIT_LOC_STRINGS = NO;
				SWIFT_VERSION = 5.0;
				TARGETED_DEVICE_FAMILY = "1,2";
				TEST_HOST = "$(BUILT_PRODUCTS_DIR)/recipie.app/recipie";
			};
			name = Release;
		};
		8CD14D0D27D6B09400758F6A /* Debug */ = {
			isa = XCBuildConfiguration;
			buildSettings = {
				ALWAYS_EMBED_SWIFT_STANDARD_LIBRARIES = YES;
				CODE_SIGN_STYLE = Automatic;
				CURRENT_PROJECT_VERSION = 1;
				DEVELOPMENT_TEAM = 7E9FA94287;
				GENERATE_INFOPLIST_FILE = YES;
				MARKETING_VERSION = 1.0;
				PRODUCT_BUNDLE_IDENTIFIER = com.pedrolenzi.recipieUITests;
				PRODUCT_NAME = "$(TARGET_NAME)";
				SWIFT_EMIT_LOC_STRINGS = NO;
				SWIFT_VERSION = 5.0;
				TARGETED_DEVICE_FAMILY = "1,2";
				TEST_TARGET_NAME = recipie;
			};
			name = Debug;
		};
		8CD14D0E27D6B09400758F6A /* Release */ = {
			isa = XCBuildConfiguration;
			buildSettings = {
				ALWAYS_EMBED_SWIFT_STANDARD_LIBRARIES = YES;
				CODE_SIGN_STYLE = Automatic;
				CURRENT_PROJECT_VERSION = 1;
				DEVELOPMENT_TEAM = 7E9FA94287;
				GENERATE_INFOPLIST_FILE = YES;
				MARKETING_VERSION = 1.0;
				PRODUCT_BUNDLE_IDENTIFIER = com.pedrolenzi.recipieUITests;
				PRODUCT_NAME = "$(TARGET_NAME)";
				SWIFT_EMIT_LOC_STRINGS = NO;
				SWIFT_VERSION = 5.0;
				TARGETED_DEVICE_FAMILY = "1,2";
				TEST_TARGET_NAME = recipie;
			};
			name = Release;
		};
/* End XCBuildConfiguration section */

/* Begin XCConfigurationList section */
		8CD14CD827D6B09300758F6A /* Build configuration list for PBXProject "recipie" */ = {
			isa = XCConfigurationList;
			buildConfigurations = (
				8CD14D0427D6B09400758F6A /* Debug */,
				8CD14D0527D6B09400758F6A /* Release */,
			);
			defaultConfigurationIsVisible = 0;
			defaultConfigurationName = Release;
		};
		8CD14D0627D6B09400758F6A /* Build configuration list for PBXNativeTarget "recipie" */ = {
			isa = XCConfigurationList;
			buildConfigurations = (
				8CD14D0727D6B09400758F6A /* Debug */,
				8CD14D0827D6B09400758F6A /* Release */,
			);
			defaultConfigurationIsVisible = 0;
			defaultConfigurationName = Release;
		};
		8CD14D0927D6B09400758F6A /* Build configuration list for PBXNativeTarget "recipieTests" */ = {
			isa = XCConfigurationList;
			buildConfigurations = (
				8CD14D0A27D6B09400758F6A /* Debug */,
				8CD14D0B27D6B09400758F6A /* Release */,
			);
			defaultConfigurationIsVisible = 0;
			defaultConfigurationName = Release;
		};
		8CD14D0C27D6B09400758F6A /* Build configuration list for PBXNativeTarget "recipieUITests" */ = {
			isa = XCConfigurationList;
			buildConfigurations = (
				8CD14D0D27D6B09400758F6A /* Debug */,
				8CD14D0E27D6B09400758F6A /* Release */,
			);
			defaultConfigurationIsVisible = 0;
			defaultConfigurationName = Release;
		};
/* End XCConfigurationList section */

/* Begin XCVersionGroup section */
		8CD14CEB27D6B09400758F6A /* recipie.xcdatamodeld */ = {
			isa = XCVersionGroup;
			children = (
				8CD14CEC27D6B09400758F6A /* recipie.xcdatamodel */,
			);
			currentVersion = 8CD14CEC27D6B09400758F6A /* recipie.xcdatamodel */;
			path = recipie.xcdatamodeld;
			sourceTree = "<group>";
			versionGroupType = wrapper.xcdatamodel;
		};
/* End XCVersionGroup section */
	};
	rootObject = 8CD14CD527D6B09300758F6A /* Project object */;
}
